<Solution>
  <Folder Name="/Source/" />
  <Folder Name="/Source/Contexts/" />
  <Folder Name="/Source/Contexts/AccessControlContext/">
    <Project Path="Source/Contexts/AccessControlContext/Application/Application.csproj" />
    <Project Path="Source/Contexts/AccessControlContext/Domain/Domain.csproj" Id="77798a73-c30b-4537-8dad-587ab7746da6" />
    <Project Path="Source/Contexts/AccessControlContext/Infrastructure/Infrastructure.csproj" />
    <Project Path="Source/Contexts/AccessControlContext/Tests/Tests.csproj" />
  </Folder>
  <Folder Name="/Source/Contexts/OrganizationContext/">
    <Project Path="Source/Contexts/OrganizationContext/Application/Application.csproj" />
    <Project Path="Source/Contexts/OrganizationContext/Domain/Domain.csproj" />
    <Project Path="Source/Contexts/OrganizationContext/Infrastructure/Infrastructure.csproj" />
    <Project Path="Source/Contexts/OrganizationContext/Tests/Tests.csproj" />
  </Folder>
  <Folder Name="/Source/Contexts/IdentityContext/">
    <Project Path="Source/Contexts/IdentityContext/Application/Application.csproj" />
    <Project Path="Source/Contexts/IdentityContext/Domain/Domain.csproj" />
    <Project Path="Source/Contexts/IdentityContext/Infrastructure/Infrastructure.csproj" />
    <Project Path="Source/Contexts/IdentityContext/Tests/Tests.csproj" />
  </Folder>
  <Folder Name="/Source/Contexts/SharedKernel/">
    <Project Path="Source/Contexts/SharedKernel/SharedKernel.csproj" Id="262a3ccb-0b10-4dba-8019-f0c4e5621a83" />
  </Folder>
  <Folder Name="/Source/Tests/" />
  <Folder Name="/Source/Tests/SharedTests/">
    <Project Path="Source/Contexts/SharedTests/SharedTests/SharedTests/SharedTests.csproj" Id="d969abb9-75a3-453e-8f0b-354fc3ceda77" />
  </Folder>
</Solution>
